
Microsoft Visual Studio Solution File, Format Version 12.00
# Visual Studio Version 16
VisualStudioVersion = 16.0.28803.156
MinimumVisualStudioVersion = 10.0.40219.1
Project("{9092AA53-FB77-4645-B42D-1CCCA6BD08BD}") = "NodejsConsoleApp1", "NodejsConsoleApp1\NodejsConsoleApp1.njsproj", "{1725BB4D-D3DC-4DDB-B0FA-B05DD7D6E5C7}"
EndProject
Global
	GlobalSection(SolutionConfigurationPlatforms) = preSolution
		Debug|Any CPU = Debug|Any CPU
		Release|Any CPU = Release|Any CPU
	EndGlobalSection
	GlobalSection(ProjectConfigurationPlatforms) = postSolution
		{1725BB4D-D3DC-4DDB-B0FA-B05DD7D6E5C7}.Debug|Any CPU.ActiveCfg = Debug|Any CPU
		{1725BB4D-D3DC-4DDB-B0FA-B05DD7D6E5C7}.Debug|Any CPU.Build.0 = Debug|Any CPU
		{1725BB4D-D3DC-4DDB-B0FA-B05DD7D6E5C7}.Release|Any CPU.ActiveCfg = Release|Any CPU
		{1725BB4D-D3DC-4DDB-B0FA-B05DD7D6E5C7}.Release|Any CPU.Build.0 = Release|Any CPU
	EndGlobalSection
	GlobalSection(SolutionProperties) = preSolution
		HideSolutionNode = FALSE
	EndGlobalSection
	GlobalSection(ExtensibilityGlobals) = postSolution
		SolutionGuid = {45D67088-9A36-4C34-A593-5436C5E5ACBC}
	EndGlobalSection
EndGlobal
